
Microsoft Visual Studio Solution File, Format Version 12.00
# Visual Studio Version 16
VisualStudioVersion = 16.0.30523.141
MinimumVisualStudioVersion = 10.0.40219.1
Project("{FAE04EC0-301F-11D3-BF4B-00C04F79EFBC}") = "DesktopApp", "DesktopApp\DesktopApp.csproj", "{094C8F36-ED02-409F-829C-71FB33E26593}"
EndProject
Global
	GlobalSection(SolutionConfigurationPlatforms) = preSolution
		Debug|Any CPU = Debug|Any CPU
		Release|Any CPU = Release|Any CPU
	EndGlobalSection
	GlobalSection(ProjectConfigurationPlatforms) = postSolution
		{094C8F36-ED02-409F-829C-71FB33E26593}.Debug|Any CPU.ActiveCfg = Debug|Any CPU
		{094C8F36-ED02-409F-829C-71FB33E26593}.Debug|Any CPU.Build.0 = Debug|Any CPU
		{094C8F36-ED02-409F-829C-71FB33E26593}.Release|Any CPU.ActiveCfg = Release|Any CPU
		{094C8F36-ED02-409F-829C-71FB33E26593}.Release|Any CPU.Build.0 = Release|Any CPU
	EndGlobalSection
	GlobalSection(SolutionProperties) = preSolution
		HideSolutionNode = FALSE
	EndGlobalSection
	GlobalSection(ExtensibilityGlobals) = postSolution
		SolutionGuid = {0ECBC179-04C8-4901-B146-BD40230DBE57}
	EndGlobalSection
EndGlobal
